
Microsoft Visual Studio Solution File, Format Version 12.00
# Visual Studio Version 16
VisualStudioVersion = 16.0.31911.196
MinimumVisualStudioVersion = 10.0.40219.1
Project("{9A19103F-16F7-4668-BE54-9A1E7A4F7556}") = "Console_Poly", "Console_Poly\Console_Poly.csproj", "{F02D72B5-AB4B-457D-8933-137E7C9A4FC5}"
EndProject
Project("{FAE04EC0-301F-11D3-BF4B-00C04F79EFBC}") = "Console_ArrayList", "Console_ArrayList\Console_ArrayList.csproj", "{0C141D8D-933F-4626-937C-73E160305033}"
EndProject
Project("{FAE04EC0-301F-11D3-BF4B-00C04F79EFBC}") = "Console_Stack", "Console_Stack\Console_Stack.csproj", "{E49B8C39-8551-4AE6-AC36-5A1DEDA7224F}"
EndProject
Project("{FAE04EC0-301F-11D3-BF4B-00C04F79EFBC}") = "Console_Queue", "Console_Queue\Console_Queue.csproj", "{5BB7021F-1536-4B17-B343-06E656BD249F}"
EndProject
Global
	GlobalSection(SolutionConfigurationPlatforms) = preSolution
		Debug|Any CPU = Debug|Any CPU
		Release|Any CPU = Release|Any CPU
	EndGlobalSection
	GlobalSection(ProjectConfigurationPlatforms) = postSolution
		{F02D72B5-AB4B-457D-8933-137E7C9A4FC5}.Debug|Any CPU.ActiveCfg = Debug|Any CPU
		{F02D72B5-AB4B-457D-8933-137E7C9A4FC5}.Debug|Any CPU.Build.0 = Debug|Any CPU
		{F02D72B5-AB4B-457D-8933-137E7C9A4FC5}.Release|Any CPU.ActiveCfg = Release|Any CPU
		{F02D72B5-AB4B-457D-8933-137E7C9A4FC5}.Release|Any CPU.Build.0 = Release|Any CPU
		{0C141D8D-933F-4626-937C-73E160305033}.Debug|Any CPU.ActiveCfg = Debug|Any CPU
		{0C141D8D-933F-4626-937C-73E160305033}.Debug|Any CPU.Build.0 = Debug|Any CPU
		{0C141D8D-933F-4626-937C-73E160305033}.Release|Any CPU.ActiveCfg = Release|Any CPU
		{0C141D8D-933F-4626-937C-73E160305033}.Release|Any CPU.Build.0 = Release|Any CPU
		{E49B8C39-8551-4AE6-AC36-5A1DEDA7224F}.Debug|Any CPU.ActiveCfg = Debug|Any CPU
		{E49B8C39-8551-4AE6-AC36-5A1DEDA7224F}.Debug|Any CPU.Build.0 = Debug|Any CPU
		{E49B8C39-8551-4AE6-AC36-5A1DEDA7224F}.Release|Any CPU.ActiveCfg = Release|Any CPU
		{E49B8C39-8551-4AE6-AC36-5A1DEDA7224F}.Release|Any CPU.Build.0 = Release|Any CPU
		{5BB7021F-1536-4B17-B343-06E656BD249F}.Debug|Any CPU.ActiveCfg = Debug|Any CPU
		{5BB7021F-1536-4B17-B343-06E656BD249F}.Debug|Any CPU.Build.0 = Debug|Any CPU
		{5BB7021F-1536-4B17-B343-06E656BD249F}.Release|Any CPU.ActiveCfg = Release|Any CPU
		{5BB7021F-1536-4B17-B343-06E656BD249F}.Release|Any CPU.Build.0 = Release|Any CPU
	EndGlobalSection
	GlobalSection(SolutionProperties) = preSolution
		HideSolutionNode = FALSE
	EndGlobalSection
	GlobalSection(ExtensibilityGlobals) = postSolution
		SolutionGuid = {FF2E3CEE-1907-466C-92DE-454A545C1D40}
	EndGlobalSection
EndGlobal
